github.com/amir-yaghoubi/mqttpattern v0.0.0-20250829083210-f7d8d46a786e h1:VPK/9drE5hc22bmkOkcvFJKJX9snXuhqjTMWSCL6rPQ=
github.com/amir-yaghoubi/mqttpattern v0.0.0-20250829083210-f7d8d46a786e/go.mod h1:eTdxCpk5dOaksxMS8HtbTRyjTB1VsgmnpzWtttiHEBY=
github.com/apparentlymart/go-textseg/v15 v15.0.0 h1:uYvfpb3DyLSCGWnctWKGj857c6ew1u1fNQOlOtuGxQY=
github.com/apparentlymart/go-textseg/v15 v15.0.0/go.mod h1:K8XmNZdhEBkdlyDdvbmmsvpAG721bKi0joRfFdHIWJ4=
github.com/eclipse/paho.golang v0.23.0 h1:KHgl2wz6EJo7cMBmkuhpt7C576vP+kpPv7jjvSyR6Mk=
github.com/eclipse/paho.golang v0.23.0/go.mod h1:nQRhTkoZv8EAiNs5UU0/WdQIx2NrnWUpL9nsGJTQN04=
github.com/stretchr/testify v1.11.1 h1:7s2iGBzp5EwR7/aIZr8ao5+dra3wiQyKjjFuvgVKu7U=
github.com/stretchr/testify v1.11.1/go.mod h1:wZwfW3scLgRK+23gO65QZefKpKQRnfz6sD981Nm4B6U=
github.com/tsarna/go2cty2go v0.1.2 h1:mSEqG5eHUkqaABA1XRgLoLpyEgN99XBZojuZqbFxFko=
github.com/tsarna/go2cty2go v0.1.2/go.mod h1:IRpRWApZVoPjsCKzI2Yptu5Y1jySTSykG2wMETwoWXc=
github.com/tsarna/vinculum-bus v0.9.3 h1:bHS30SwR1qB1kP9lTOVyO0/d5GaIo7gggebmZoD0Wy8=
github.com/tsarna/vinculum-bus v0.9.3/go.mod h1:rRKzON3SGZYrlzE9e01UO7kw3CLo9/JmPEXn2P780R4=
github.com/zclconf/go-cty v1.18.0 h1:pJ8+HNI4gFoyRNqVE37wWbJWVw43BZczFo7KUoRczaA=
github.com/zclconf/go-cty v1.18.0/go.mod h1:qpnV6EDNgC1sns/AleL1fvatHw72j+S+nS+MJ+T2CSg=
go.uber.org/multierr v1.10.0 h1:S0h4aNzvfcFsC3dRF1jLoaov7oRaKqRGC/pUEJ2yvPQ=
go.uber.org/multierr v1.10.0/go.mod h1:20+QtiLqy0Nd6FdQB9TLXag12DsQkrbs3htMFfDN80Y=
go.uber.org/zap v1.27.1 h1:08RqriUEv8+ArZRYSTXy1LeBScaMpVSTBhCeaZYfMYc=
go.uber.org/zap v1.27.1/go.mod h1:GB2qFLM7cTU87MWRP2mPIjqfIDnGu+VIO4V/SdhGo2E=
golang.org/x/text v0.11.0 h1:LAntKIrcmeSKERyiOh0XMV39LXS8IE9UL2yP7+f5ij4=
golang.org/x/text v0.11.0/go.mod h1:TvPlkZtksWOMsz7fbANvkp4WM8x/WCo/om8BMLbz+aE=
